// !$*UTF8*$!
{
	archiveVersion = 1;
	classes = {
	};
	objectVersion = 46;
	objects = {

/* Begin PBXBuildFile section */
		F51A8DAC17C54F6A0067A9B4 /* Edge.cpp in Sources */ = {isa = PBXBuildFile; fileRef = F51A8DAA17C54F6A0067A9B4 /* Edge.cpp */; };
		F51A8DB517C87DBB0067A9B4 /* PickFacade.cpp in Sources */ = {isa = PBXBuildFile; fileRef = F51A8DB317C87DBA0067A9B4 /* PickFacade.cpp */; };
		F51A8DB817C87EA10067A9B4 /* PickNaive.cpp in Sources */ = {isa = PBXBuildFile; fileRef = F51A8DB617C87EA10067A9B4 /* PickNaive.cpp */; };
		F55C12E61799CC1C00BB35F6 /* makewff.c in Sources */ = {isa = PBXBuildFile; fileRef = F55C12E51799CC1C00BB35F6 /* makewff.c */; };
		F55C12E81799CC5500BB35F6 /* main.cpp in Sources */ = {isa = PBXBuildFile; fileRef = F55C12E71799CC5500BB35F6 /* main.cpp */; };
		F564E186179DC6420061F612 /* utility.cpp in Sources */ = {isa = PBXBuildFile; fileRef = F564E184179DC6420061F612 /* utility.cpp */; };
		F564E18B179DC7870061F612 /* config.cpp in Sources */ = {isa = PBXBuildFile; fileRef = F564E187179DC7870061F612 /* config.cpp */; };
		F564E18C179DC7870061F612 /* plot.cpp in Sources */ = {isa = PBXBuildFile; fileRef = F564E189179DC7870061F612 /* plot.cpp */; };
		F564E1A417A1B4BC0061F612 /* object.cpp in Sources */ = {isa = PBXBuildFile; fileRef = F564E1A217A1B4BC0061F612 /* object.cpp */; };
		F56561BA17B9858800813B10 /* VPTree.cpp in Sources */ = {isa = PBXBuildFile; fileRef = F56561B817B9858800813B10 /* VPTree.cpp */; };
		F56561C017B985A700813B10 /* database.cpp in Sources */ = {isa = PBXBuildFile; fileRef = F56561BE17B985A700813B10 /* database.cpp */; };
		F56561C317B9868700813B10 /* SearchTree.cpp in Sources */ = {isa = PBXBuildFile; fileRef = F56561C117B9868700813B10 /* SearchTree.cpp */; };
		F57AE642179DC04500BF0A5E /* State.cpp in Sources */ = {isa = PBXBuildFile; fileRef = F57AE640179DC04500BF0A5E /* State.cpp */; };
		F57AE646179DC1A100BF0A5E /* Output.cpp in Sources */ = {isa = PBXBuildFile; fileRef = F57AE644179DC1A100BF0A5E /* Output.cpp */; };
		F57AE649179DC20800BF0A5E /* Graph.cpp in Sources */ = {isa = PBXBuildFile; fileRef = F57AE647179DC20800BF0A5E /* Graph.cpp */; };
		F57AE64E179DC2B500BF0A5E /* Node.cpp in Sources */ = {isa = PBXBuildFile; fileRef = F57AE64C179DC2B500BF0A5E /* Node.cpp */; };
		F57AE652179DC45A00BF0A5E /* SAT.cpp in Sources */ = {isa = PBXBuildFile; fileRef = F57AE650179DC45A00BF0A5E /* SAT.cpp */; };
/* End PBXBuildFile section */

/* Begin PBXCopyFilesBuildPhase section */
		F55C12D61799CBE600BB35F6 /* CopyFiles */ = {
			isa = PBXCopyFilesBuildPhase;
			buildActionMask = 2147483647;
			dstPath = /usr/share/man/man1/;
			dstSubfolderSpec = 0;
			files = (
			);
			runOnlyForDeploymentPostprocessing = 1;
		};
/* End PBXCopyFilesBuildPhase section */

/* Begin PBXFileReference section */
		F51A8DAA17C54F6A0067A9B4 /* Edge.cpp */ = {isa = PBXFileReference; fileEncoding = 4; lastKnownFileType = sourcecode.cpp.cpp; name = Edge.cpp; path = ../../src/Edge.cpp; sourceTree = "<group>"; };
		F51A8DAB17C54F6A0067A9B4 /* Edge.h */ = {isa = PBXFileReference; fileEncoding = 4; lastKnownFileType = sourcecode.c.h; name = Edge.h; path = ../../src/Edge.h; sourceTree = "<group>"; };
		F51A8DB317C87DBA0067A9B4 /* PickFacade.cpp */ = {isa = PBXFileReference; fileEncoding = 4; lastKnownFileType = sourcecode.cpp.cpp; name = PickFacade.cpp; path = ../../src/PickFacade.cpp; sourceTree = "<group>"; };
		F51A8DB417C87DBB0067A9B4 /* PickFacade.h */ = {isa = PBXFileReference; fileEncoding = 4; lastKnownFileType = sourcecode.c.h; name = PickFacade.h; path = ../../src/PickFacade.h; sourceTree = "<group>"; };
		F51A8DB617C87EA10067A9B4 /* PickNaive.cpp */ = {isa = PBXFileReference; fileEncoding = 4; lastKnownFileType = sourcecode.cpp.cpp; name = PickNaive.cpp; path = ../../src/PickNaive.cpp; sourceTree = "<group>"; };
		F51A8DB717C87EA10067A9B4 /* PickNaive.h */ = {isa = PBXFileReference; fileEncoding = 4; lastKnownFileType = sourcecode.c.h; name = PickNaive.h; path = ../../src/PickNaive.h; sourceTree = "<group>"; };
		F55C12D81799CBE600BB35F6 /* treeSAT */ = {isa = PBXFileReference; explicitFileType = "compiled.mach-o.executable"; includeInIndex = 0; path = treeSAT; sourceTree = BUILT_PRODUCTS_DIR; };
		F55C12E51799CC1C00BB35F6 /* makewff.c */ = {isa = PBXFileReference; fileEncoding = 4; lastKnownFileType = sourcecode.c.c; name = makewff.c; path = ../../src/makewff.c; sourceTree = "<group>"; };
		F55C12E71799CC5500BB35F6 /* main.cpp */ = {isa = PBXFileReference; fileEncoding = 4; lastKnownFileType = sourcecode.cpp.cpp; name = main.cpp; path = ../../src/main.cpp; sourceTree = "<group>"; };
		F564E184179DC6420061F612 /* utility.cpp */ = {isa = PBXFileReference; fileEncoding = 4; lastKnownFileType = sourcecode.cpp.cpp; name = utility.cpp; path = ../../src/utility.cpp; sourceTree = "<group>"; };
		F564E185179DC6420061F612 /* utility.h */ = {isa = PBXFileReference; fileEncoding = 4; lastKnownFileType = sourcecode.c.h; name = utility.h; path = ../../src/utility.h; sourceTree = "<group>"; };
		F564E187179DC7870061F612 /* config.cpp */ = {isa = PBXFileReference; fileEncoding = 4; lastKnownFileType = sourcecode.cpp.cpp; name = config.cpp; path = ../../src/config.cpp; sourceTree = "<group>"; };
		F564E188179DC7870061F612 /* config.h */ = {isa = PBXFileReference; fileEncoding = 4; lastKnownFileType = sourcecode.c.h; name = config.h; path = ../../src/config.h; sourceTree = "<group>"; };
		F564E189179DC7870061F612 /* plot.cpp */ = {isa = PBXFileReference; fileEncoding = 4; lastKnownFileType = sourcecode.cpp.cpp; name = plot.cpp; path = ../../src/plot.cpp; sourceTree = "<group>"; };
		F564E18A179DC7870061F612 /* plot.h */ = {isa = PBXFileReference; fileEncoding = 4; lastKnownFileType = sourcecode.c.h; name = plot.h; path = ../../src/plot.h; sourceTree = "<group>"; };
		F564E1A217A1B4BC0061F612 /* object.cpp */ = {isa = PBXFileReference; fileEncoding = 4; lastKnownFileType = sourcecode.cpp.cpp; name = object.cpp; path = ../../src/object.cpp; sourceTree = "<group>"; };
		F564E1A317A1B4BC0061F612 /* object.h */ = {isa = PBXFileReference; fileEncoding = 4; lastKnownFileType = sourcecode.c.h; name = object.h; path = ../../src/object.h; sourceTree = "<group>"; };
		F564E1A517A4AEBD0061F612 /* README.md */ = {isa = PBXFileReference; fileEncoding = 4; lastKnownFileType = text; name = README.md; path = ../../src/README.md; sourceTree = "<group>"; };
		F56561B817B9858800813B10 /* VPTree.cpp */ = {isa = PBXFileReference; fileEncoding = 4; lastKnownFileType = sourcecode.cpp.cpp; name = VPTree.cpp; path = ../../src/VPTree.cpp; sourceTree = "<group>"; };
		F56561B917B9858800813B10 /* VPTree.h */ = {isa = PBXFileReference; fileEncoding = 4; lastKnownFileType = sourcecode.c.h; name = VPTree.h; path = ../../src/VPTree.h; sourceTree = "<group>"; };
		F56561BE17B985A700813B10 /* database.cpp */ = {isa = PBXFileReference; fileEncoding = 4; lastKnownFileType = sourcecode.cpp.cpp; name = database.cpp; path = ../../src/database.cpp; sourceTree = "<group>"; };
		F56561BF17B985A700813B10 /* database.h */ = {isa = PBXFileReference; fileEncoding = 4; lastKnownFileType = sourcecode.c.h; name = database.h; path = ../../src/database.h; sourceTree = "<group>"; };
		F56561C117B9868700813B10 /* SearchTree.cpp */ = {isa = PBXFileReference; fileEncoding = 4; lastKnownFileType = sourcecode.cpp.cpp; name = SearchTree.cpp; path = ../../src/SearchTree.cpp; sourceTree = "<group>"; };
		F56561C217B9868700813B10 /* SearchTree.h */ = {isa = PBXFileReference; fileEncoding = 4; lastKnownFileType = sourcecode.c.h; name = SearchTree.h; path = ../../src/SearchTree.h; sourceTree = "<group>"; };
		F57AE640179DC04500BF0A5E /* State.cpp */ = {isa = PBXFileReference; fileEncoding = 4; lastKnownFileType = sourcecode.cpp.cpp; name = State.cpp; path = ../../src/State.cpp; sourceTree = "<group>"; };
		F57AE641179DC04500BF0A5E /* State.h */ = {isa = PBXFileReference; fileEncoding = 4; lastKnownFileType = sourcecode.c.h; name = State.h; path = ../../src/State.h; sourceTree = "<group>"; };
		F57AE644179DC1A100BF0A5E /* Output.cpp */ = {isa = PBXFileReference; fileEncoding = 4; lastKnownFileType = sourcecode.cpp.cpp; name = Output.cpp; path = ../../src/Output.cpp; sourceTree = "<group>"; };
		F57AE645179DC1A100BF0A5E /* Output.h */ = {isa = PBXFileReference; fileEncoding = 4; lastKnownFileType = sourcecode.c.h; name = Output.h; path = ../../src/Output.h; sourceTree = "<group>"; };
		F57AE647179DC20800BF0A5E /* Graph.cpp */ = {isa = PBXFileReference; fileEncoding = 4; lastKnownFileType = sourcecode.cpp.cpp; name = Graph.cpp; path = ../../src/Graph.cpp; sourceTree = "<group>"; };
		F57AE648179DC20800BF0A5E /* Graph.h */ = {isa = PBXFileReference; fileEncoding = 4; lastKnownFileType = sourcecode.c.h; name = Graph.h; path = ../../src/Graph.h; sourceTree = "<group>"; };
		F57AE64C179DC2B500BF0A5E /* Node.cpp */ = {isa = PBXFileReference; fileEncoding = 4; lastKnownFileType = sourcecode.cpp.cpp; name = Node.cpp; path = ../../src/Node.cpp; sourceTree = "<group>"; };
		F57AE64D179DC2B500BF0A5E /* Node.h */ = {isa = PBXFileReference; fileEncoding = 4; lastKnownFileType = sourcecode.c.h; name = Node.h; path = ../../src/Node.h; sourceTree = "<group>"; };
		F57AE650179DC45A00BF0A5E /* SAT.cpp */ = {isa = PBXFileReference; fileEncoding = 4; lastKnownFileType = sourcecode.cpp.cpp; name = SAT.cpp; path = ../../src/SAT.cpp; sourceTree = "<group>"; };
		F57AE651179DC45A00BF0A5E /* SAT.h */ = {isa = PBXFileReference; fileEncoding = 4; lastKnownFileType = sourcecode.c.h; name = SAT.h; path = ../../src/SAT.h; sourceTree = "<group>"; };
/* End PBXFileReference section */

/* Begin PBXFrameworksBuildPhase section */
		F55C12D51799CBE600BB35F6 /* Frameworks */ = {
			isa = PBXFrameworksBuildPhase;
			buildActionMask = 2147483647;
			files = (
			);
			runOnlyForDeploymentPostprocessing = 0;
		};
/* End PBXFrameworksBuildPhase section */

/* Begin PBXGroup section */
		F55C12CD1799CBE600BB35F6 = {
			isa = PBXGroup;
			children = (
				F55C12DB1799CBE600BB35F6 /* treeSAT */,
				F55C12D91799CBE600BB35F6 /* Products */,
			);
			sourceTree = "<group>";
		};
		F55C12D91799CBE600BB35F6 /* Products */ = {
			isa = PBXGroup;
			children = (
				F55C12D81799CBE600BB35F6 /* treeSAT */,
			);
			name = Products;
			sourceTree = "<group>";
		};
		F55C12DB1799CBE600BB35F6 /* treeSAT */ = {
			isa = PBXGroup;
			children = (
				F57AE64F179DC43D00BF0A5E /* algorithm */,
				F57AE64B179DC22C00BF0A5E /* utility */,
				F57AE64A179DC21B00BF0A5E /* core */,
				F564E1A517A4AEBD0061F612 /* README.md */,
			);
			path = treeSAT;
			sourceTree = "<group>";
		};
		F57AE64A179DC21B00BF0A5E /* core */ = {
			isa = PBXGroup;
			children = (
				F564E1A217A1B4BC0061F612 /* object.cpp */,
				F564E1A317A1B4BC0061F612 /* object.h */,
				F57AE647179DC20800BF0A5E /* Graph.cpp */,
				F57AE648179DC20800BF0A5E /* Graph.h */,
				F57AE64C179DC2B500BF0A5E /* Node.cpp */,
				F57AE64D179DC2B500BF0A5E /* Node.h */,
				F57AE640179DC04500BF0A5E /* State.cpp */,
				F57AE641179DC04500BF0A5E /* State.h */,
				F57AE644179DC1A100BF0A5E /* Output.cpp */,
				F57AE645179DC1A100BF0A5E /* Output.h */,
				F51A8DAA17C54F6A0067A9B4 /* Edge.cpp */,
				F51A8DAB17C54F6A0067A9B4 /* Edge.h */,
			);
			name = core;
			sourceTree = "<group>";
		};
		F57AE64B179DC22C00BF0A5E /* utility */ = {
			isa = PBXGroup;
			children = (
				F564E187179DC7870061F612 /* config.cpp */,
				F564E188179DC7870061F612 /* config.h */,
				F564E189179DC7870061F612 /* plot.cpp */,
				F564E18A179DC7870061F612 /* plot.h */,
				F55C12E51799CC1C00BB35F6 /* makewff.c */,
				F55C12E71799CC5500BB35F6 /* main.cpp */,
				F564E184179DC6420061F612 /* utility.cpp */,
				F564E185179DC6420061F612 /* utility.h */,
			);
			name = utility;
			sourceTree = "<group>";
		};
		F57AE64F179DC43D00BF0A5E /* algorithm */ = {
			isa = PBXGroup;
			children = (
				F51A8DB317C87DBA0067A9B4 /* PickFacade.cpp */,
				F51A8DB417C87DBB0067A9B4 /* PickFacade.h */,
				F51A8DB617C87EA10067A9B4 /* PickNaive.cpp */,
				F51A8DB717C87EA10067A9B4 /* PickNaive.h */,
				F57AE650179DC45A00BF0A5E /* SAT.cpp */,
				F57AE651179DC45A00BF0A5E /* SAT.h */,
				F56561B817B9858800813B10 /* VPTree.cpp */,
				F56561B917B9858800813B10 /* VPTree.h */,
				F56561BE17B985A700813B10 /* database.cpp */,
				F56561BF17B985A700813B10 /* database.h */,
				F56561C117B9868700813B10 /* SearchTree.cpp */,
				F56561C217B9868700813B10 /* SearchTree.h */,
			);
			name = algorithm;
			sourceTree = "<group>";
		};
/* End PBXGroup section */

/* Begin PBXNativeTarget section */
		F55C12D71799CBE600BB35F6 /* treeSAT */ = {
			isa = PBXNativeTarget;
			buildConfigurationList = F55C12E21799CBE700BB35F6 /* Build configuration list for PBXNativeTarget "treeSAT" */;
			buildPhases = (
				F55C12D41799CBE600BB35F6 /* Sources */,
				F55C12D51799CBE600BB35F6 /* Frameworks */,
				F55C12D61799CBE600BB35F6 /* CopyFiles */,
			);
			buildRules = (
			);
			dependencies = (
			);
			name = treeSAT;
			productName = treeSAT;
			productReference = F55C12D81799CBE600BB35F6 /* treeSAT */;
			productType = "com.apple.product-type.tool";
		};
/* End PBXNativeTarget section */

/* Begin PBXProject section */
		F55C12CF1799CBE600BB35F6 /* Project object */ = {
			isa = PBXProject;
			attributes = {
				LastUpgradeCheck = 0440;
				ORGANIZATIONNAME = "Adel Ahmadyan";
			};
			buildConfigurationList = F55C12D21799CBE600BB35F6 /* Build configuration list for PBXProject "treeSAT" */;
			compatibilityVersion = "Xcode 3.2";
			developmentRegion = English;
			hasScannedForEncodings = 0;
			knownRegions = (
				en,
			);
			mainGroup = F55C12CD1799CBE600BB35F6;
			productRefGroup = F55C12D91799CBE600BB35F6 /* Products */;
			projectDirPath = "";
			projectRoot = "";
			targets = (
				F55C12D71799CBE600BB35F6 /* treeSAT */,
			);
		};
/* End PBXProject section */

/* Begin PBXSourcesBuildPhase section */
		F55C12D41799CBE600BB35F6 /* Sources */ = {
			isa = PBXSourcesBuildPhase;
			buildActionMask = 2147483647;
			files = (
				F55C12E61799CC1C00BB35F6 /* makewff.c in Sources */,
				F55C12E81799CC5500BB35F6 /* main.cpp in Sources */,
				F57AE642179DC04500BF0A5E /* State.cpp in Sources */,
				F57AE646179DC1A100BF0A5E /* Output.cpp in Sources */,
				F57AE649179DC20800BF0A5E /* Graph.cpp in Sources */,
				F57AE64E179DC2B500BF0A5E /* Node.cpp in Sources */,
				F57AE652179DC45A00BF0A5E /* SAT.cpp in Sources */,
				F564E186179DC6420061F612 /* utility.cpp in Sources */,
				F564E18B179DC7870061F612 /* config.cpp in Sources */,
				F564E18C179DC7870061F612 /* plot.cpp in Sources */,
				F564E1A417A1B4BC0061F612 /* object.cpp in Sources */,
				F56561BA17B9858800813B10 /* VPTree.cpp in Sources */,
				F56561C017B985A700813B10 /* database.cpp in Sources */,
				F56561C317B9868700813B10 /* SearchTree.cpp in Sources */,
				F51A8DAC17C54F6A0067A9B4 /* Edge.cpp in Sources */,
				F51A8DB517C87DBB0067A9B4 /* PickFacade.cpp in Sources */,
				F51A8DB817C87EA10067A9B4 /* PickNaive.cpp in Sources */,
			);
			runOnlyForDeploymentPostprocessing = 0;
		};
/* End PBXSourcesBuildPhase section */

/* Begin XCBuildConfiguration section */
		F55C12E01799CBE700BB35F6 /* Debug */ = {
			isa = XCBuildConfiguration;
			buildSettings = {
				ALWAYS_SEARCH_USER_PATHS = YES;
				ARCHS = "$(ARCHS_STANDARD_64_BIT)";
				CLANG_CXX_LANGUAGE_STANDARD = "compiler-default";
				CLANG_CXX_LIBRARY = "compiler-default";
				CLANG_ENABLE_OBJC_ARC = YES;
				CLANG_WARN__DUPLICATE_METHOD_MATCH = YES;
				COPY_PHASE_STRIP = NO;
				GCC_C_LANGUAGE_STANDARD = "compiler-default";
				GCC_DYNAMIC_NO_PIC = NO;
				GCC_ENABLE_OBJC_EXCEPTIONS = YES;
				GCC_OPTIMIZATION_LEVEL = 0;
				GCC_PREPROCESSOR_DEFINITIONS = (
					"DEBUG=1",
					"$(inherited)",
				);
				GCC_SYMBOLS_PRIVATE_EXTERN = NO;
				GCC_WARN_64_TO_32_BIT_CONVERSION = YES;
				GCC_WARN_ABOUT_RETURN_TYPE = YES;
				GCC_WARN_UNINITIALIZED_AUTOS = YES;
				GCC_WARN_UNUSED_VARIABLE = YES;
				HEADER_SEARCH_PATHS = (
					/usr/local/include,
					/usr/include,
					/usr/include/gsl,
				);
				LIBRARY_SEARCH_PATHS = (
					/usr/lib,
					/usr/local/lib,
				);
				MACOSX_DEPLOYMENT_TARGET = 10.8;
				ONLY_ACTIVE_ARCH = YES;
				OTHER_LDFLAGS = (
					/usr/local/lib/libboost_system.dylib,
					/usr/local/lib/libboost_thread.dylib,
					"-L/usr/local/lib",
				);
				SDKROOT = macosx;
			};
			name = Debug;
		};
		F55C12E11799CBE700BB35F6 /* Release */ = {
			isa = XCBuildConfiguration;
			buildSettings = {
				ALWAYS_SEARCH_USER_PATHS = YES;
				ARCHS = "$(ARCHS_STANDARD_64_BIT)";
				CLANG_CXX_LANGUAGE_STANDARD = "compiler-default";
				CLANG_CXX_LIBRARY = "compiler-default";
				CLANG_ENABLE_OBJC_ARC = YES;
				CLANG_WARN__DUPLICATE_METHOD_MATCH = YES;
				COPY_PHASE_STRIP = YES;
				DEBUG_INFORMATION_FORMAT = "dwarf-with-dsym";
				GCC_C_LANGUAGE_STANDARD = "compiler-default";
				GCC_ENABLE_OBJC_EXCEPTIONS = YES;
				GCC_WARN_64_TO_32_BIT_CONVERSION = YES;
				GCC_WARN_ABOUT_RETURN_TYPE = YES;
				GCC_WARN_UNINITIALIZED_AUTOS = YES;
				GCC_WARN_UNUSED_VARIABLE = YES;
				HEADER_SEARCH_PATHS = (
					/usr/local/include,
					/usr/include,
					/usr/include/gsl,
				);
				LIBRARY_SEARCH_PATHS = (
					/usr/lib,
					/usr/local/lib,
				);
				MACOSX_DEPLOYMENT_TARGET = 10.8;
				OTHER_LDFLAGS = (
					/usr/local/lib/libboost_system.dylib,
					/usr/local/lib/libboost_thread.dylib,
					"-L/usr/local/lib",
				);
				SDKROOT = macosx;
			};
			name = Release;
		};
		F55C12E31799CBE700BB35F6 /* Debug */ = {
			isa = XCBuildConfiguration;
			buildSettings = {
				PRODUCT_NAME = "$(TARGET_NAME)";
			};
			name = Debug;
		};
		F55C12E41799CBE700BB35F6 /* Release */ = {
			isa = XCBuildConfiguration;
			buildSettings = {
				PRODUCT_NAME = "$(TARGET_NAME)";
			};
			name = Release;
		};
/* End XCBuildConfiguration section */

/* Begin XCConfigurationList section */
		F55C12D21799CBE600BB35F6 /* Build configuration list for PBXProject "treeSAT" */ = {
			isa = XCConfigurationList;
			buildConfigurations = (
				F55C12E01799CBE700BB35F6 /* Debug */,
				F55C12E11799CBE700BB35F6 /* Release */,
			);
			defaultConfigurationIsVisible = 0;
			defaultConfigurationName = Release;
		};
		F55C12E21799CBE700BB35F6 /* Build configuration list for PBXNativeTarget "treeSAT" */ = {
			isa = XCConfigurationList;
			buildConfigurations = (
				F55C12E31799CBE700BB35F6 /* Debug */,
				F55C12E41799CBE700BB35F6 /* Release */,
			);
			defaultConfigurationIsVisible = 0;
			defaultConfigurationName = Release;
		};
/* End XCConfigurationList section */
	};
	rootObject = F55C12CF1799CBE600BB35F6 /* Project object */;
}
